// !$*UTF8*$!
{
	archiveVersion = 1;
	classes = {
	};
	objectVersion = 46;
	objects = {

/* Begin PBXBuildFile section */
		1A0073681E2865CC00EB319A /* ExecutionContextTests.swift in Sources */ = {isa = PBXBuildFile; fileRef = 1A0073671E2865CC00EB319A /* ExecutionContextTests.swift */; };
		1A2A8CF61D5D36C500421E3E /* PromiseDelayTests.swift in Sources */ = {isa = PBXBuildFile; fileRef = 1A2A8CF51D5D36C500421E3E /* PromiseDelayTests.swift */; };
		1A2A8CF81D5D58A800421E3E /* PromiseRaceTests.swift in Sources */ = {isa = PBXBuildFile; fileRef = 1A2A8CF71D5D58A800421E3E /* PromiseRaceTests.swift */; };
		1A2A8CFA1D5D717D00421E3E /* PromiseAlwaysTests.swift in Sources */ = {isa = PBXBuildFile; fileRef = 1A2A8CF91D5D717D00421E3E /* PromiseAlwaysTests.swift */; };
		1A2A8CFC1D5D743100421E3E /* PromiseRecoverTests.swift in Sources */ = {isa = PBXBuildFile; fileRef = 1A2A8CFB1D5D743100421E3E /* PromiseRecoverTests.swift */; };
		1A2A8CFE1D5D764600421E3E /* PromiseRetryTests.swift in Sources */ = {isa = PBXBuildFile; fileRef = 1A2A8CFD1D5D764600421E3E /* PromiseRetryTests.swift */; };
		1A42330C1F6ECC250045B066 /* PromiseKickoffTests.swift in Sources */ = {isa = PBXBuildFile; fileRef = 1A42330B1F6ECC250045B066 /* PromiseKickoffTests.swift */; };
		1A7CC22F1DF4D37400929E7C /* PromiseEnsureTests.swift in Sources */ = {isa = PBXBuildFile; fileRef = 1A7CC22E1DF4D37400929E7C /* PromiseEnsureTests.swift */; };
		1AF54F3B1D67D60000557CCB /* PromiseZipTests.swift in Sources */ = {isa = PBXBuildFile; fileRef = 1AF54F3A1D67D60000557CCB /* PromiseZipTests.swift */; };
		1AFA1FA01D8A0C9500E4F76E /* PromiseThrowsTests.swift in Sources */ = {isa = PBXBuildFile; fileRef = 1AFA1F9F1D8A0C9500E4F76E /* PromiseThrowsTests.swift */; };
		1AFF80FA1D5166C000C55D5A /* delay.swift in Sources */ = {isa = PBXBuildFile; fileRef = 1AFF80F91D5166C000C55D5A /* delay.swift */; };
		1AFF80FC1D51676700C55D5A /* PromiseAllTests.swift in Sources */ = {isa = PBXBuildFile; fileRef = 1AFF80FB1D51676700C55D5A /* PromiseAllTests.swift */; };
		2648083B1E54221900F01140 /* Promise.swift in Sources */ = {isa = PBXBuildFile; fileRef = 264808391E54221900F01140 /* Promise.swift */; };
		2648083C1E54221900F01140 /* Promise+Extras.swift in Sources */ = {isa = PBXBuildFile; fileRef = 2648083A1E54221900F01140 /* Promise+Extras.swift */; };
		3454F9D21D4FACD000985BBF /* Promise.h in Headers */ = {isa = PBXBuildFile; fileRef = 3454F9D11D4FACD000985BBF /* Promise.h */; settings = {ATTRIBUTES = (Public, ); }; };
		3454F9D91D4FACD000985BBF /* Promise.framework in Frameworks */ = {isa = PBXBuildFile; fileRef = 3454F9CE1D4FACD000985BBF /* Promise.framework */; };
		3454F9DE1D4FACD000985BBF /* PromiseTests.swift in Sources */ = {isa = PBXBuildFile; fileRef = 3454F9DD1D4FACD000985BBF /* PromiseTests.swift */; };
		72B61D3C1E00E5830008E829 /* Wrench.swift in Sources */ = {isa = PBXBuildFile; fileRef = 72B61D3B1E00E5830008E829 /* Wrench.swift */; };
/* End PBXBuildFile section */

/* Begin PBXContainerItemProxy section */
		3454F9DA1D4FACD000985BBF /* PBXContainerItemProxy */ = {
			isa = PBXContainerItemProxy;
			containerPortal = 3454F9C51D4FACD000985BBF /* Project object */;
			proxyType = 1;
			remoteGlobalIDString = 3454F9CD1D4FACD000985BBF;
			remoteInfo = Promise;
		};
/* End PBXContainerItemProxy section */

/* Begin PBXFileReference section */
		1A0073671E2865CC00EB319A /* ExecutionContextTests.swift */ = {isa = PBXFileReference; fileEncoding = 4; lastKnownFileType = sourcecode.swift; path = ExecutionContextTests.swift; sourceTree = "<group>"; };
		1A2A8CF51D5D36C500421E3E /* PromiseDelayTests.swift */ = {isa = PBXFileReference; fileEncoding = 4; lastKnownFileType = sourcecode.swift; path = PromiseDelayTests.swift; sourceTree = "<group>"; };
		1A2A8CF71D5D58A800421E3E /* PromiseRaceTests.swift */ = {isa = PBXFileReference; fileEncoding = 4; lastKnownFileType = sourcecode.swift; path = PromiseRaceTests.swift; sourceTree = "<group>"; };
		1A2A8CF91D5D717D00421E3E /* PromiseAlwaysTests.swift */ = {isa = PBXFileReference; fileEncoding = 4; lastKnownFileType = sourcecode.swift; path = PromiseAlwaysTests.swift; sourceTree = "<group>"; };
		1A2A8CFB1D5D743100421E3E /* PromiseRecoverTests.swift */ = {isa = PBXFileReference; fileEncoding = 4; lastKnownFileType = sourcecode.swift; path = PromiseRecoverTests.swift; sourceTree = "<group>"; };
		1A2A8CFD1D5D764600421E3E /* PromiseRetryTests.swift */ = {isa = PBXFileReference; fileEncoding = 4; lastKnownFileType = sourcecode.swift; path = PromiseRetryTests.swift; sourceTree = "<group>"; };
		1A42330B1F6ECC250045B066 /* PromiseKickoffTests.swift */ = {isa = PBXFileReference; fileEncoding = 4; lastKnownFileType = sourcecode.swift; path = PromiseKickoffTests.swift; sourceTree = "<group>"; };
		1A7CC22E1DF4D37400929E7C /* PromiseEnsureTests.swift */ = {isa = PBXFileReference; fileEncoding = 4; lastKnownFileType = sourcecode.swift; path = PromiseEnsureTests.swift; sourceTree = "<group>"; };
		1AF54F3A1D67D60000557CCB /* PromiseZipTests.swift */ = {isa = PBXFileReference; fileEncoding = 4; lastKnownFileType = sourcecode.swift; path = PromiseZipTests.swift; sourceTree = "<group>"; };
		1AFA1F9F1D8A0C9500E4F76E /* PromiseThrowsTests.swift */ = {isa = PBXFileReference; fileEncoding = 4; lastKnownFileType = sourcecode.swift; path = PromiseThrowsTests.swift; sourceTree = "<group>"; };
		1AFF80F91D5166C000C55D5A /* delay.swift */ = {isa = PBXFileReference; fileEncoding = 4; lastKnownFileType = sourcecode.swift; path = delay.swift; sourceTree = "<group>"; };
		1AFF80FB1D51676700C55D5A /* PromiseAllTests.swift */ = {isa = PBXFileReference; fileEncoding = 4; lastKnownFileType = sourcecode.swift; path = PromiseAllTests.swift; sourceTree = "<group>"; };
		264808391E54221900F01140 /* Promise.swift */ = {isa = PBXFileReference; fileEncoding = 4; lastKnownFileType = sourcecode.swift; name = Promise.swift; path = Sources/Promise.swift; sourceTree = SOURCE_ROOT; };
		2648083A1E54221900F01140 /* Promise+Extras.swift */ = {isa = PBXFileReference; fileEncoding = 4; lastKnownFileType = sourcecode.swift; name = "Promise+Extras.swift"; path = "Sources/Promise+Extras.swift"; sourceTree = SOURCE_ROOT; };
		3454F9CE1D4FACD000985BBF /* Promise.framework */ = {isa = PBXFileReference; explicitFileType = wrapper.framework; includeInIndex = 0; path = Promise.framework; sourceTree = BUILT_PRODUCTS_DIR; };
		3454F9D11D4FACD000985BBF /* Promise.h */ = {isa = PBXFileReference; lastKnownFileType = sourcecode.c.h; path = Promise.h; sourceTree = "<group>"; };
		3454F9D31D4FACD000985BBF /* Info.plist */ = {isa = PBXFileReference; lastKnownFileType = text.plist.xml; path = Info.plist; sourceTree = "<group>"; };
		3454F9D81D4FACD000985BBF /* PromiseTests.xctest */ = {isa = PBXFileReference; explicitFileType = wrapper.cfbundle; includeInIndex = 0; path = PromiseTests.xctest; sourceTree = BUILT_PRODUCTS_DIR; };
		3454F9DD1D4FACD000985BBF /* PromiseTests.swift */ = {isa = PBXFileReference; lastKnownFileType = sourcecode.swift; path = PromiseTests.swift; sourceTree = "<group>"; };
		3454F9DF1D4FACD000985BBF /* Info.plist */ = {isa = PBXFileReference; lastKnownFileType = text.plist.xml; path = Info.plist; sourceTree = "<group>"; };
		72B61D3B1E00E5830008E829 /* Wrench.swift */ = {isa = PBXFileReference; fileEncoding = 4; lastKnownFileType = sourcecode.swift; path = Wrench.swift; sourceTree = "<group>"; };
		76E25E381D8483D0000A58DF /* Promise.playground */ = {isa = PBXFileReference; lastKnownFileType = file.playground; path = Promise.playground; sourceTree = "<group>"; };
/* End PBXFileReference section */

/* Begin PBXFrameworksBuildPhase section */
		3454F9CA1D4FACD000985BBF /* Frameworks */ = {
			isa = PBXFrameworksBuildPhase;
			buildActionMask = 2147483647;
			files = (
			);
			runOnlyForDeploymentPostprocessing = 0;
		};
		3454F9D51D4FACD000985BBF /* Frameworks */ = {
			isa = PBXFrameworksBuildPhase;
			buildActionMask = 2147483647;
			files = (
				3454F9D91D4FACD000985BBF /* Promise.framework in Frameworks */,
			);
			runOnlyForDeploymentPostprocessing = 0;
		};
		52F3C1C01ECE503D0028CA53 /* Frameworks */ = {
			isa = PBXFrameworksBuildPhase;
			buildActionMask = 2147483647;
			files = (
			);
			runOnlyForDeploymentPostprocessing = 0;
		};
/* End PBXFrameworksBuildPhase section */

/* Begin PBXGroup section */
		3454F9C41D4FACD000985BBF = {
			isa = PBXGroup;
			children = (
				76E25E381D8483D0000A58DF /* Promise.playground */,
				3454F9D01D4FACD000985BBF /* Promise */,
				3454F9DC1D4FACD000985BBF /* PromiseTests */,
				3454F9CF1D4FACD000985BBF /* Products */,
			);
			sourceTree = "<group>";
		};
		3454F9CF1D4FACD000985BBF /* Products */ = {
			isa = PBXGroup;
			children = (
				3454F9CE1D4FACD000985BBF /* Promise.framework */,
				3454F9D81D4FACD000985BBF /* PromiseTests.xctest */,
				52F3C1C71ECE503D0028CA53 /* Promise.framework */,
			);
			name = Products;
			sourceTree = "<group>";
		};
		3454F9D01D4FACD000985BBF /* Promise */ = {
			isa = PBXGroup;
			children = (
				264808391E54221900F01140 /* Promise.swift */,
				2648083A1E54221900F01140 /* Promise+Extras.swift */,
				3454F9D11D4FACD000985BBF /* Promise.h */,
				3454F9D31D4FACD000985BBF /* Info.plist */,
			);
			path = Promise;
			sourceTree = "<group>";
		};
		3454F9DC1D4FACD000985BBF /* PromiseTests */ = {
			isa = PBXGroup;
			children = (
				3454F9DD1D4FACD000985BBF /* PromiseTests.swift */,
				1A2A8CF91D5D717D00421E3E /* PromiseAlwaysTests.swift */,
				1AFF80FB1D51676700C55D5A /* PromiseAllTests.swift */,
				1A2A8CF51D5D36C500421E3E /* PromiseDelayTests.swift */,
				1A2A8CF71D5D58A800421E3E /* PromiseRaceTests.swift */,
				3454F9DF1D4FACD000985BBF /* Info.plist */,
				1AFF80F91D5166C000C55D5A /* delay.swift */,
				1A2A8CFB1D5D743100421E3E /* PromiseRecoverTests.swift */,
				1A2A8CFD1D5D764600421E3E /* PromiseRetryTests.swift */,
				1AF54F3A1D67D60000557CCB /* PromiseZipTests.swift */,
				1AFA1F9F1D8A0C9500E4F76E /* PromiseThrowsTests.swift */,
				1A7CC22E1DF4D37400929E7C /* PromiseEnsureTests.swift */,
				72B61D3B1E00E5830008E829 /* Wrench.swift */,
				1A0073671E2865CC00EB319A /* ExecutionContextTests.swift */,
				1A42330B1F6ECC250045B066 /* PromiseKickoffTests.swift */,
			);
			path = PromiseTests;
			sourceTree = "<group>";
		};
/* End PBXGroup section */

/* Begin PBXHeadersBuildPhase section */
		3454F9CB1D4FACD000985BBF /* Headers */ = {
			isa = PBXHeadersBuildPhase;
			buildActionMask = 2147483647;
			files = (
				3454F9D21D4FACD000985BBF /* Promise.h in Headers */,
			);
			runOnlyForDeploymentPostprocessing = 0;
		};
		52F3C1C11ECE503D0028CA53 /* Headers */ = {
			isa = PBXHeadersBuildPhase;
			buildActionMask = 2147483647;
			files = (
				52F3C1C21ECE503D0028CA53 /* Promise.h in Headers */,
			);
			runOnlyForDeploymentPostprocessing = 0;
		};
/* End PBXHeadersBuildPhase section */

/* Begin PBXNativeTarget section */
		3454F9CD1D4FACD000985BBF /* Promise */ = {
			isa = PBXNativeTarget;
			buildConfigurationList = 3454F9E21D4FACD000985BBF /* Build configuration list for PBXNativeTarget "Promise" */;
			buildPhases = (
				3454F9C91D4FACD000985BBF /* Sources */,
				3454F9CA1D4FACD000985BBF /* Frameworks */,
				3454F9CB1D4FACD000985BBF /* Headers */,
				3454F9CC1D4FACD000985BBF /* Resources */,
			);
			buildRules = (
			);
			dependencies = (
			);
			name = Promise;
			productName = Promise;
			productReference = 3454F9CE1D4FACD000985BBF /* Promise.framework */;
			productType = "com.apple.product-type.framework";
		};
		3454F9D71D4FACD000985BBF /* PromiseTests */ = {
			isa = PBXNativeTarget;
			buildConfigurationList = 3454F9E51D4FACD000985BBF /* Build configuration list for PBXNativeTarget "PromiseTests" */;
			buildPhases = (
				3454F9D41D4FACD000985BBF /* Sources */,
				3454F9D51D4FACD000985BBF /* Frameworks */,
				3454F9D61D4FACD000985BBF /* Resources */,
			);
			buildRules = (
			);
			dependencies = (
				3454F9DB1D4FACD000985BBF /* PBXTargetDependency */,
			);
			name = PromiseTests;
			productName = PromiseTests;
			productReference = 3454F9D81D4FACD000985BBF /* PromiseTests.xctest */;
			productType = "com.apple.product-type.bundle.unit-test";
		};
		52F3C1BC1ECE503D0028CA53 /* Promise Mac */ = {
			isa = PBXNativeTarget;
			buildConfigurationList = 52F3C1C41ECE503D0028CA53 /* Build configuration list for PBXNativeTarget "Promise Mac" */;
			buildPhases = (
				52F3C1BD1ECE503D0028CA53 /* Sources */,
				52F3C1C01ECE503D0028CA53 /* Frameworks */,
				52F3C1C11ECE503D0028CA53 /* Headers */,
				52F3C1C31ECE503D0028CA53 /* Resources */,
			);
			buildRules = (
			);
			dependencies = (
			);
			name = "Promise Mac";
			productName = Promise;
			productReference = 52F3C1C71ECE503D0028CA53 /* Promise.framework */;
			productType = "com.apple.product-type.framework";
		};
/* End PBXNativeTarget section */

/* Begin PBXProject section */
		3454F9C51D4FACD000985BBF /* Project object */ = {
			isa = PBXProject;
			attributes = {
				LastSwiftUpdateCheck = 0730;
				LastUpgradeCheck = 0800;
				TargetAttributes = {
					3454F9CD1D4FACD000985BBF = {
						CreatedOnToolsVersion = 7.3.1;
						LastSwiftMigration = 0820;
					};
					3454F9D71D4FACD000985BBF = {
						CreatedOnToolsVersion = 7.3.1;
						LastSwiftMigration = 0800;
					};
				};
			};
			buildConfigurationList = 3454F9C81D4FACD000985BBF /* Build configuration list for PBXProject "Promise" */;
			compatibilityVersion = "Xcode 3.2";
			developmentRegion = English;
			hasScannedForEncodings = 0;
			knownRegions = (
				en,
			);
			mainGroup = 3454F9C41D4FACD000985BBF;
			productRefGroup = 3454F9CF1D4FACD000985BBF /* Products */;
			projectDirPath = "";
			projectRoot = "";
			targets = (
				3454F9CD1D4FACD000985BBF /* Promise */,
				52F3C1BC1ECE503D0028CA53 /* Promise Mac */,
				3454F9D71D4FACD000985BBF /* PromiseTests */,
			);
		};
/* End PBXProject section */

/* Begin PBXResourcesBuildPhase section */
		3454F9CC1D4FACD000985BBF /* Resources */ = {
			isa = PBXResourcesBuildPhase;
			buildActionMask = 2147483647;
			files = (
			);
			runOnlyForDeploymentPostprocessing = 0;
		};
		3454F9D61D4FACD000985BBF /* Resources */ = {
			isa = PBXResourcesBuildPhase;
			buildActionMask = 2147483647;
			files = (
			);
			runOnlyForDeploymentPostprocessing = 0;
		};
		52F3C1C31ECE503D0028CA53 /* Resources */ = {
			isa = PBXResourcesBuildPhase;
			buildActionMask = 2147483647;
			files = (
			);
			runOnlyForDeploymentPostprocessing = 0;
		};
/* End PBXResourcesBuildPhase section */

/* Begin PBXSourcesBuildPhase section */
		3454F9C91D4FACD000985BBF /* Sources */ = {
			isa = PBXSourcesBuildPhase;
			buildActionMask = 2147483647;
			files = (
				2648083C1E54221900F01140 /* Promise+Extras.swift in Sources */,
				2648083B1E54221900F01140 /* Promise.swift in Sources */,
			);
			runOnlyForDeploymentPostprocessing = 0;
		};
		3454F9D41D4FACD000985BBF /* Sources */ = {
			isa = PBXSourcesBuildPhase;
			buildActionMask = 2147483647;
			files = (
				1A0073681E2865CC00EB319A /* ExecutionContextTests.swift in Sources */,
				1A2A8CFC1D5D743100421E3E /* PromiseRecoverTests.swift in Sources */,
				1A2A8CFA1D5D717D00421E3E /* PromiseAlwaysTests.swift in Sources */,
				1A2A8CFE1D5D764600421E3E /* PromiseRetryTests.swift in Sources */,
				1A2A8CF81D5D58A800421E3E /* PromiseRaceTests.swift in Sources */,
				1AFA1FA01D8A0C9500E4F76E /* PromiseThrowsTests.swift in Sources */,
				1AF54F3B1D67D60000557CCB /* PromiseZipTests.swift in Sources */,
				72B61D3C1E00E5830008E829 /* Wrench.swift in Sources */,
				1AFF80FA1D5166C000C55D5A /* delay.swift in Sources */,
				1AFF80FC1D51676700C55D5A /* PromiseAllTests.swift in Sources */,
				3454F9DE1D4FACD000985BBF /* PromiseTests.swift in Sources */,
				1A42330C1F6ECC250045B066 /* PromiseKickoffTests.swift in Sources */,
				1A2A8CF61D5D36C500421E3E /* PromiseDelayTests.swift in Sources */,
				1A7CC22F1DF4D37400929E7C /* PromiseEnsureTests.swift in Sources */,
			);
			runOnlyForDeploymentPostprocessing = 0;
		};
		52F3C1BD1ECE503D0028CA53 /* Sources */ = {
			isa = PBXSourcesBuildPhase;
			buildActionMask = 2147483647;
			files = (
				52F3C1BE1ECE503D0028CA53 /* Promise+Extras.swift in Sources */,
				52F3C1BF1ECE503D0028CA53 /* Promise.swift in Sources */,
			);
			runOnlyForDeploymentPostprocessing = 0;
		};
/* End PBXSourcesBuildPhase section */

/* Begin PBXTargetDependency section */
		3454F9DB1D4FACD000985BBF /* PBXTargetDependency */ = {
			isa = PBXTargetDependency;
			target = 3454F9CD1D4FACD000985BBF /* Promise */;
			targetProxy = 3454F9DA1D4FACD000985BBF /* PBXContainerItemProxy */;
		};
/* End PBXTargetDependency section */

/* Begin XCBuildConfiguration section */
		3454F9E01D4FACD000985BBF /* Debug */ = {
			isa = XCBuildConfiguration;
			buildSettings = {
				ALWAYS_SEARCH_USER_PATHS = NO;
				CLANG_ANALYZER_NONNULL = YES;
				CLANG_CXX_LANGUAGE_STANDARD = "gnu++0x";
				CLANG_CXX_LIBRARY = "libc++";
				CLANG_ENABLE_MODULES = YES;
				CLANG_ENABLE_OBJC_ARC = YES;
				CLANG_WARN_BOOL_CONVERSION = YES;
				CLANG_WARN_CONSTANT_CONVERSION = YES;
				CLANG_WARN_DIRECT_OBJC_ISA_USAGE = YES_ERROR;
				CLANG_WARN_EMPTY_BODY = YES;
				CLANG_WARN_ENUM_CONVERSION = YES;
				CLANG_WARN_INFINITE_RECURSION = YES;
				CLANG_WARN_INT_CONVERSION = YES;
				CLANG_WARN_OBJC_ROOT_CLASS = YES_ERROR;
				CLANG_WARN_SUSPICIOUS_MOVE = YES;
				CLANG_WARN_UNREACHABLE_CODE = YES;
				CLANG_WARN__DUPLICATE_METHOD_MATCH = YES;
				"CODE_SIGN_IDENTITY[sdk=iphoneos*]" = "iPhone Developer";
				COPY_PHASE_STRIP = NO;
				CURRENT_PROJECT_VERSION = 1;
				DEBUG_INFORMATION_FORMAT = dwarf;
				ENABLE_STRICT_OBJC_MSGSEND = YES;
				ENABLE_TESTABILITY = YES;
				GCC_C_LANGUAGE_STANDARD = gnu99;
				GCC_DYNAMIC_NO_PIC = NO;
				GCC_NO_COMMON_BLOCKS = YES;
				GCC_OPTIMIZATION_LEVEL = 0;
				GCC_PREPROCESSOR_DEFINITIONS = (
					"DEBUG=1",
					"$(inherited)",
				);
				GCC_WARN_64_TO_32_BIT_CONVERSION = YES;
				GCC_WARN_ABOUT_RETURN_TYPE = YES_ERROR;
				GCC_WARN_UNDECLARED_SELECTOR = YES;
				GCC_WARN_UNINITIALIZED_AUTOS = YES_AGGRESSIVE;
				GCC_WARN_UNUSED_FUNCTION = YES;
				GCC_WARN_UNUSED_VARIABLE = YES;
				IPHONEOS_DEPLOYMENT_TARGET = 8.0;
				MTL_ENABLE_DEBUG_INFO = YES;
				ONLY_ACTIVE_ARCH = YES;
				SDKROOT = iphoneos;
				SWIFT_OPTIMIZATION_LEVEL = "-Onone";
				TARGETED_DEVICE_FAMILY = "1,2";
				VERSIONING_SYSTEM = "apple-generic";
				VERSION_INFO_PREFIX = "";
			};
			name = Debug;
		};
		3454F9E11D4FACD000985BBF /* Release */ = {
			isa = XCBuildConfiguration;
			buildSettings = {
				ALWAYS_SEARCH_USER_PATHS = NO;
				CLANG_ANALYZER_NONNULL = YES;
				CLANG_CXX_LANGUAGE_STANDARD = "gnu++0x";
				CLANG_CXX_LIBRARY = "libc++";
				CLANG_ENABLE_MODULES = YES;
				CLANG_ENABLE_OBJC_ARC = YES;
				CLANG_WARN_BOOL_CONVERSION = YES;
				CLANG_WARN_CONSTANT_CONVERSION = YES;
				CLANG_WARN_DIRECT_OBJC_ISA_USAGE = YES_ERROR;
				CLANG_WARN_EMPTY_BODY = YES;
				CLANG_WARN_ENUM_CONVERSION = YES;
				CLANG_WARN_INFINITE_RECURSION = YES;
				CLANG_WARN_INT_CONVERSION = YES;
				CLANG_WARN_OBJC_ROOT_CLASS = YES_ERROR;
				CLANG_WARN_SUSPICIOUS_MOVE = YES;
				CLANG_WARN_UNREACHABLE_CODE = YES;
				CLANG_WARN__DUPLICATE_METHOD_MATCH = YES;
				"CODE_SIGN_IDENTITY[sdk=iphoneos*]" = "iPhone Developer";
				COPY_PHASE_STRIP = NO;
				CURRENT_PROJECT_VERSION = 1;
				DEBUG_INFORMATION_FORMAT = "dwarf-with-dsym";
				ENABLE_NS_ASSERTIONS = NO;
				ENABLE_STRICT_OBJC_MSGSEND = YES;
				GCC_C_LANGUAGE_STANDARD = gnu99;
				GCC_NO_COMMON_BLOCKS = YES;
				GCC_WARN_64_TO_32_BIT_CONVERSION = YES;
				GCC_WARN_ABOUT_RETURN_TYPE = YES_ERROR;
				GCC_WARN_UNDECLARED_SELECTOR = YES;
				GCC_WARN_UNINITIALIZED_AUTOS = YES_AGGRESSIVE;
				GCC_WARN_UNUSED_FUNCTION = YES;
				GCC_WARN_UNUSED_VARIABLE = YES;
				IPHONEOS_DEPLOYMENT_TARGET = 8.0;
				MTL_ENABLE_DEBUG_INFO = NO;
				SDKROOT = iphoneos;
				TARGETED_DEVICE_FAMILY = "1,2";
				VALIDATE_PRODUCT = YES;
				VERSIONING_SYSTEM = "apple-generic";
				VERSION_INFO_PREFIX = "";
			};
			name = Release;
		};
		3454F9E31D4FACD000985BBF /* Debug */ = {
			isa = XCBuildConfiguration;
			buildSettings = {
				CLANG_ENABLE_MODULES = YES;
				DEFINES_MODULE = YES;
				DYLIB_COMPATIBILITY_VERSION = 1;
				DYLIB_CURRENT_VERSION = 1;
				DYLIB_INSTALL_NAME_BASE = "@rpath";
				INFOPLIST_FILE = Promise/Info.plist;
				INSTALL_PATH = "$(LOCAL_LIBRARY_DIR)/Frameworks";
				LD_RUNPATH_SEARCH_PATHS = "$(inherited) @executable_path/Frameworks @loader_path/Frameworks";
				PRODUCT_BUNDLE_IDENTIFIER = com.khanlou.Promise;
				PRODUCT_NAME = "$(TARGET_NAME)";
				SKIP_INSTALL = YES;
				SWIFT_OPTIMIZATION_LEVEL = "-Onone";
				SWIFT_VERSION = 4.0;
			};
			name = Debug;
		};
		3454F9E41D4FACD000985BBF /* Release */ = {
			isa = XCBuildConfiguration;
			buildSettings = {
				CLANG_ENABLE_MODULES = YES;
				DEFINES_MODULE = YES;
				DYLIB_COMPATIBILITY_VERSION = 1;
				DYLIB_CURRENT_VERSION = 1;
				DYLIB_INSTALL_NAME_BASE = "@rpath";
				INFOPLIST_FILE = Promise/Info.plist;
				INSTALL_PATH = "$(LOCAL_LIBRARY_DIR)/Frameworks";
				LD_RUNPATH_SEARCH_PATHS = "$(inherited) @executable_path/Frameworks @loader_path/Frameworks";
				PRODUCT_BUNDLE_IDENTIFIER = com.khanlou.Promise;
				PRODUCT_NAME = "$(TARGET_NAME)";
				SKIP_INSTALL = YES;
				SWIFT_OPTIMIZATION_LEVEL = "-Owholemodule";
				SWIFT_VERSION = 4.0;
			};
			name = Release;
		};
		3454F9E61D4FACD000985BBF /* Debug */ = {
			isa = XCBuildConfiguration;
			buildSettings = {
				ALWAYS_EMBED_SWIFT_STANDARD_LIBRARIES = YES;
				INFOPLIST_FILE = PromiseTests/Info.plist;
				LD_RUNPATH_SEARCH_PATHS = "$(inherited) @executable_path/Frameworks @loader_path/Frameworks";
				PRODUCT_BUNDLE_IDENTIFIER = com.khanlou.PromiseTests;
				PRODUCT_NAME = "$(TARGET_NAME)";
				SWIFT_VERSION = 3.0;
			};
			name = Debug;
		};
		3454F9E71D4FACD000985BBF /* Release */ = {
			isa = XCBuildConfiguration;
			buildSettings = {
				ALWAYS_EMBED_SWIFT_STANDARD_LIBRARIES = YES;
				INFOPLIST_FILE = PromiseTests/Info.plist;
				LD_RUNPATH_SEARCH_PATHS = "$(inherited) @executable_path/Frameworks @loader_path/Frameworks";
				PRODUCT_BUNDLE_IDENTIFIER = com.khanlou.PromiseTests;
				PRODUCT_NAME = "$(TARGET_NAME)";
				SWIFT_OPTIMIZATION_LEVEL = "-Owholemodule";
				SWIFT_VERSION = 3.0;
			};
			name = Release;
		};
		52F3C1C51ECE503D0028CA53 /* Debug */ = {
			isa = XCBuildConfiguration;
			buildSettings = {
				CLANG_ENABLE_MODULES = YES;
				DEFINES_MODULE = YES;
				DYLIB_COMPATIBILITY_VERSION = 1;
				DYLIB_CURRENT_VERSION = 1;
				DYLIB_INSTALL_NAME_BASE = "@rpath";
				INFOPLIST_FILE = Promise/Info.plist;
				INSTALL_PATH = "$(LOCAL_LIBRARY_DIR)/Frameworks";
				LD_RUNPATH_SEARCH_PATHS = "$(inherited) @executable_path/Frameworks @loader_path/Frameworks";
				PRODUCT_BUNDLE_IDENTIFIER = com.khanlou.Promise;
				PRODUCT_NAME = Promise;
				SDKROOT = macosx;
				SKIP_INSTALL = YES;
				SWIFT_OPTIMIZATION_LEVEL = "-Onone";
				SWIFT_VERSION = 3.0;
			};
			name = Debug;
		};
		52F3C1C61ECE503D0028CA53 /* Release */ = {
			isa = XCBuildConfiguration;
			buildSettings = {
				CLANG_ENABLE_MODULES = YES;
				DEFINES_MODULE = YES;
				DYLIB_COMPATIBILITY_VERSION = 1;
				DYLIB_CURRENT_VERSION = 1;
				DYLIB_INSTALL_NAME_BASE = "@rpath";
				INFOPLIST_FILE = Promise/Info.plist;
				INSTALL_PATH = "$(LOCAL_LIBRARY_DIR)/Frameworks";
				LD_RUNPATH_SEARCH_PATHS = "$(inherited) @executable_path/Frameworks @loader_path/Frameworks";
				PRODUCT_BUNDLE_IDENTIFIER = com.khanlou.Promise;
				PRODUCT_NAME = Promise;
				SDKROOT = macosx;
				SKIP_INSTALL = YES;
				SWIFT_OPTIMIZATION_LEVEL = "-Owholemodule";
				SWIFT_VERSION = 3.0;
			};
			name = Release;
		};
/* End XCBuildConfiguration section */

/* Begin XCConfigurationList section */
		3454F9C81D4FACD000985BBF /* Build configuration list for PBXProject "Promise" */ = {
			isa = XCConfigurationList;
			buildConfigurations = (
				3454F9E01D4FACD000985BBF /* Debug */,
				3454F9E11D4FACD000985BBF /* Release */,
			);
			defaultConfigurationIsVisible = 0;
			defaultConfigurationName = Release;
		};
		3454F9E21D4FACD000985BBF /* Build configuration list for PBXNativeTarget "Promise" */ = {
			isa = XCConfigurationList;
			buildConfigurations = (
				3454F9E31D4FACD000985BBF /* Debug */,
				3454F9E41D4FACD000985BBF /* Release */,
			);
			defaultConfigurationIsVisible = 0;
			defaultConfigurationName = Release;
		};
		3454F9E51D4FACD000985BBF /* Build configuration list for PBXNativeTarget "PromiseTests" */ = {
			isa = XCConfigurationList;
			buildConfigurations = (
				3454F9E61D4FACD000985BBF /* Debug */,
				3454F9E71D4FACD000985BBF /* Release */,
			);
			defaultConfigurationIsVisible = 0;
			defaultConfigurationName = Release;
		};
		52F3C1C41ECE503D0028CA53 /* Build configuration list for PBXNativeTarget "Promise Mac" */ = {
			isa = XCConfigurationList;
			buildConfigurations = (
				52F3C1C51ECE503D0028CA53 /* Debug */,
				52F3C1C61ECE503D0028CA53 /* Release */,
			);
			defaultConfigurationIsVisible = 0;
			defaultConfigurationName = Release;
		};
/* End XCConfigurationList section */
	};
	rootObject = 3454F9C51D4FACD000985BBF /* Project object */;
}
